# THIS IS AN AUTOGENERATED FILE. DO NOT EDIT THIS FILE DIRECTLY.
# yarn lockfile v1


"@babylonjs/core@^7.0.0":
  version "7.54.3"
  resolved "https://registry.yarnpkg.com/@babylonjs/core/-/core-7.54.3.tgz#80ed977fbbd8c2574b5bd2c15bd102709bb3b918"
  integrity sha512-P5ncXVd8GEUJLhwloP9V0oVwQYIrvZztguVeLlvd5Rx+9aQnenKjpV8auJ6SRsUlAmNZU4pFTKzwF6o2EUfhAw==

"@babylonjs/gui@^7.0.0":
  version "7.54.3"
  resolved "https://registry.yarnpkg.com/@babylonjs/gui/-/gui-7.54.3.tgz#521ff3afb59713b27aac240647064d8de7f470da"
  integrity sha512-fsPJpfMWXliEFXhVYk9eqRjT1JB+Zv0TtSDs9QWdUKhVexCyaeDCcMS7j+YkQhupOHpR8HBYXlsP/7je4NmbDg==

"@babylonjs/loaders@^7.0.0":
  version "7.54.3"
  resolved "https://registry.yarnpkg.com/@babylonjs/loaders/-/loaders-7.54.3.tgz#333ac287171ec6384cbc44e1481a0298187c4e31"
  integrity sha512-RBPmOsaMTxi6Ga08ueLTm6Tnvx/l2nNQigucubvrngZ7muwn5/ubfcStckkI1c0qvhR1+/FFlD54do7gZ1pnsQ==

"@esbuild/aix-ppc64@0.21.5":
  version "0.21.5"
  resolved "https://registry.yarnpkg.com/@esbuild/aix-ppc64/-/aix-ppc64-0.21.5.tgz#c7184a326533fcdf1b8ee0733e21c713b975575f"
  integrity sha512-1SDgH6ZSPTlggy1yI6+Dbkiz8xzpHJEVAlF/AM1tHPLsf5STom9rwtjE4hKAF20FfXXNTFqEYXyJNWh1GiZedQ==

"@esbuild/android-arm64@0.21.5":
  version "0.21.5"
  resolved "https://registry.yarnpkg.com/@esbuild/android-arm64/-/android-arm64-0.21.5.tgz#09d9b4357780da9ea3a7dfb833a1f1ff439b4052"
  integrity sha512-c0uX9VAUBQ7dTDCjq+wdyGLowMdtR/GoC2U5IYk/7D1H1JYC0qseD7+11iMP2mRLN9RcCMRcjC4YMclCzGwS/A==

"@esbuild/android-arm@0.21.5":
  version "0.21.5"
  resolved "https://registry.yarnpkg.com/@esbuild/android-arm/-/android-arm-0.21.5.tgz#9b04384fb771926dfa6d7ad04324ecb2ab9b2e28"
  integrity sha512-vCPvzSjpPHEi1siZdlvAlsPxXl7WbOVUBBAowWug4rJHb68Ox8KualB+1ocNvT5fjv6wpkX6o/iEpbDrf68zcg==

"@esbuild/android-x64@0.21.5":
  version "0.21.5"
  resolved "https://registry.yarnpkg.com/@esbuild/android-x64/-/android-x64-0.21.5.tgz#29918ec2db754cedcb6c1b04de8cd6547af6461e"
  integrity sha512-D7aPRUUNHRBwHxzxRvp856rjUHRFW1SdQATKXH2hqA0kAZb1hKmi02OpYRacl0TxIGz/ZmXWlbZgjwWYaCakTA==

"@esbuild/darwin-arm64@0.21.5":
  version "0.21.5"
  resolved "https://registry.yarnpkg.com/@esbuild/darwin-arm64/-/darwin-arm64-0.21.5.tgz#e495b539660e51690f3928af50a76fb0a6ccff2a"
  integrity sha512-DwqXqZyuk5AiWWf3UfLiRDJ5EDd49zg6O9wclZ7kUMv2WRFr4HKjXp/5t8JZ11QbQfUS6/cRCKGwYhtNAY88kQ==

"@esbuild/darwin-x64@0.21.5":
  version "0.21.5"
  resolved "https://registry.yarnpkg.com/@esbuild/darwin-x64/-/darwin-x64-0.21.5.tgz#c13838fa57372839abdddc91d71542ceea2e1e22"
  integrity sha512-se/JjF8NlmKVG4kNIuyWMV/22ZaerB+qaSi5MdrXtd6R08kvs2qCN4C09miupktDitvh8jRFflwGFBQcxZRjbw==

"@esbuild/freebsd-arm64@0.21.5":
  version "0.21.5"
  resolved "https://registry.yarnpkg.com/@esbuild/freebsd-arm64/-/freebsd-arm64-0.21.5.tgz#646b989aa20bf89fd071dd5dbfad69a3542e550e"
  integrity sha512-5JcRxxRDUJLX8JXp/wcBCy3pENnCgBR9bN6JsY4OmhfUtIHe3ZW0mawA7+RDAcMLrMIZaf03NlQiX9DGyB8h4g==

"@esbuild/freebsd-x64@0.21.5":
  version "0.21.5"
  resolved "https://registry.yarnpkg.com/@esbuild/freebsd-x64/-/freebsd-x64-0.21.5.tgz#aa615cfc80af954d3458906e38ca22c18cf5c261"
  integrity sha512-J95kNBj1zkbMXtHVH29bBriQygMXqoVQOQYA+ISs0/2l3T9/kj42ow2mpqerRBxDJnmkUDCaQT/dfNXWX/ZZCQ==

"@esbuild/linux-arm64@0.21.5":
  version "0.21.5"
  resolved "https://registry.yarnpkg.com/@esbuild/linux-arm64/-/linux-arm64-0.21.5.tgz#70ac6fa14f5cb7e1f7f887bcffb680ad09922b5b"
  integrity sha512-ibKvmyYzKsBeX8d8I7MH/TMfWDXBF3db4qM6sy+7re0YXya+K1cem3on9XgdT2EQGMu4hQyZhan7TeQ8XkGp4Q==

"@esbuild/linux-arm@0.21.5":
  version "0.21.5"
  resolved "https://registry.yarnpkg.com/@esbuild/linux-arm/-/linux-arm-0.21.5.tgz#fc6fd11a8aca56c1f6f3894f2bea0479f8f626b9"
  integrity sha512-bPb5AHZtbeNGjCKVZ9UGqGwo8EUu4cLq68E95A53KlxAPRmUyYv2D6F0uUI65XisGOL1hBP5mTronbgo+0bFcA==

"@esbuild/linux-ia32@0.21.5":
  version "0.21.5"
  resolved "https://registry.yarnpkg.com/@esbuild/linux-ia32/-/linux-ia32-0.21.5.tgz#3271f53b3f93e3d093d518d1649d6d68d346ede2"
  integrity sha512-YvjXDqLRqPDl2dvRODYmmhz4rPeVKYvppfGYKSNGdyZkA01046pLWyRKKI3ax8fbJoK5QbxblURkwK/MWY18Tg==

"@esbuild/linux-loong64@0.21.5":
  version "0.21.5"
  resolved "https://registry.yarnpkg.com/@esbuild/linux-loong64/-/linux-loong64-0.21.5.tgz#ed62e04238c57026aea831c5a130b73c0f9f26df"
  integrity sha512-uHf1BmMG8qEvzdrzAqg2SIG/02+4/DHB6a9Kbya0XDvwDEKCoC8ZRWI5JJvNdUjtciBGFQ5PuBlpEOXQj+JQSg==

"@esbuild/linux-mips64el@0.21.5":
  version "0.21.5"
  resolved "https://registry.yarnpkg.com/@esbuild/linux-mips64el/-/linux-mips64el-0.21.5.tgz#e79b8eb48bf3b106fadec1ac8240fb97b4e64cbe"
  integrity sha512-IajOmO+KJK23bj52dFSNCMsz1QP1DqM6cwLUv3W1QwyxkyIWecfafnI555fvSGqEKwjMXVLokcV5ygHW5b3Jbg==

"@esbuild/linux-ppc64@0.21.5":
  version "0.21.5"
  resolved "https://registry.yarnpkg.com/@esbuild/linux-ppc64/-/linux-ppc64-0.21.5.tgz#5f2203860a143b9919d383ef7573521fb154c3e4"
  integrity sha512-1hHV/Z4OEfMwpLO8rp7CvlhBDnjsC3CttJXIhBi+5Aj5r+MBvy4egg7wCbe//hSsT+RvDAG7s81tAvpL2XAE4w==

"@esbuild/linux-riscv64@0.21.5":
  version "0.21.5"
  resolved "https://registry.yarnpkg.com/@esbuild/linux-riscv64/-/linux-riscv64-0.21.5.tgz#07bcafd99322d5af62f618cb9e6a9b7f4bb825dc"
  integrity sha512-2HdXDMd9GMgTGrPWnJzP2ALSokE/0O5HhTUvWIbD3YdjME8JwvSCnNGBnTThKGEB91OZhzrJ4qIIxk/SBmyDDA==

"@esbuild/linux-s390x@0.21.5":
  version "0.21.5"
  resolved "https://registry.yarnpkg.com/@esbuild/linux-s390x/-/linux-s390x-0.21.5.tgz#b7ccf686751d6a3e44b8627ababc8be3ef62d8de"
  integrity sha512-zus5sxzqBJD3eXxwvjN1yQkRepANgxE9lgOW2qLnmr8ikMTphkjgXu1HR01K4FJg8h1kEEDAqDcZQtbrRnB41A==

"@esbuild/linux-x64@0.21.5":
  version "0.21.5"
  resolved "https://registry.yarnpkg.com/@esbuild/linux-x64/-/linux-x64-0.21.5.tgz#6d8f0c768e070e64309af8004bb94e68ab2bb3b0"
  integrity sha512-1rYdTpyv03iycF1+BhzrzQJCdOuAOtaqHTWJZCWvijKD2N5Xu0TtVC8/+1faWqcP9iBCWOmjmhoH94dH82BxPQ==

"@esbuild/netbsd-x64@0.21.5":
  version "0.21.5"
  resolved "https://registry.yarnpkg.com/@esbuild/netbsd-x64/-/netbsd-x64-0.21.5.tgz#bbe430f60d378ecb88decb219c602667387a6047"
  integrity sha512-Woi2MXzXjMULccIwMnLciyZH4nCIMpWQAs049KEeMvOcNADVxo0UBIQPfSmxB3CWKedngg7sWZdLvLczpe0tLg==

"@esbuild/openbsd-x64@0.21.5":
  version "0.21.5"
  resolved "https://registry.yarnpkg.com/@esbuild/openbsd-x64/-/openbsd-x64-0.21.5.tgz#99d1cf2937279560d2104821f5ccce220cb2af70"
  integrity sha512-HLNNw99xsvx12lFBUwoT8EVCsSvRNDVxNpjZ7bPn947b8gJPzeHWyNVhFsaerc0n3TsbOINvRP2byTZ5LKezow==

"@esbuild/sunos-x64@0.21.5":
  version "0.21.5"
  resolved "https://registry.yarnpkg.com/@esbuild/sunos-x64/-/sunos-x64-0.21.5.tgz#08741512c10d529566baba837b4fe052c8f3487b"
  integrity sha512-6+gjmFpfy0BHU5Tpptkuh8+uw3mnrvgs+dSPQXQOv3ekbordwnzTVEb4qnIvQcYXq6gzkyTnoZ9dZG+D4garKg==

"@esbuild/win32-arm64@0.21.5":
  version "0.21.5"
  resolved "https://registry.yarnpkg.com/@esbuild/win32-arm64/-/win32-arm64-0.21.5.tgz#675b7385398411240735016144ab2e99a60fc75d"
  integrity sha512-Z0gOTd75VvXqyq7nsl93zwahcTROgqvuAcYDUr+vOv8uHhNSKROyU961kgtCD1e95IqPKSQKH7tBTslnS3tA8A==

"@esbuild/win32-ia32@0.21.5":
  version "0.21.5"
  resolved "https://registry.yarnpkg.com/@esbuild/win32-ia32/-/win32-ia32-0.21.5.tgz#1bfc3ce98aa6ca9a0969e4d2af72144c59c1193b"
  integrity sha512-SWXFF1CL2RVNMaVs+BBClwtfZSvDgtL//G/smwAc5oVK/UPu2Gu9tIaRgFmYFFKrmg3SyAjSrElf0TiJ1v8fYA==

"@esbuild/win32-x64@0.21.5":
  version "0.21.5"
  resolved "https://registry.yarnpkg.com/@esbuild/win32-x64/-/win32-x64-0.21.5.tgz#acad351d582d157bb145535db2a6ff53dd514b5c"
  integrity sha512-tQd/1efJuzPC6rCFwEvLtci/xNFcTZknmXs98FYDfGE4wP9ClFV98nyKrzJKVPMhdDnjzLhdUyMX4PsQAPjwIw==

"@jridgewell/gen-mapping@^0.3.5":
  version "0.3.13"
  resolved "https://registry.yarnpkg.com/@jridgewell/gen-mapping/-/gen-mapping-0.3.13.tgz#6342a19f44347518c93e43b1ac69deb3c4656a1f"
  integrity sha512-2kkt/7niJ6MgEPxF0bYdQ6etZaA+fQvDcLKckhy1yIQOzaoKjBBjSj63/aLVjYE3qhRt5dvM+uUyfCg6UKCBbA==
  dependencies:
    "@jridgewell/sourcemap-codec" "^1.5.0"
    "@jridgewell/trace-mapping" "^0.3.24"

"@jridgewell/remapping@^2.3.4":
  version "2.3.5"
  resolved "https://registry.yarnpkg.com/@jridgewell/remapping/-/remapping-2.3.5.tgz#375c476d1972947851ba1e15ae8f123047445aa1"
  integrity sha512-LI9u/+laYG4Ds1TDKSJW2YPrIlcVYOwi2fUC6xB43lueCjgxV4lffOCZCtYFiH6TNOX+tQKXx97T4IKHbhyHEQ==
  dependencies:
    "@jridgewell/gen-mapping" "^0.3.5"
    "@jridgewell/trace-mapping" "^0.3.24"

"@jridgewell/resolve-uri@^3.1.0":
  version "3.1.2"
  resolved "https://registry.yarnpkg.com/@jridgewell/resolve-uri/-/resolve-uri-3.1.2.tgz#7a0ee601f60f99a20c7c7c5ff0c80388c1189bd6"
  integrity sha512-bRISgCIjP20/tbWSPWMEi54QVPRZExkuD9lJL+UIxUKtwVJA8wW1Trb1jMs1RFXo1CBTNZ/5hpC9QvmKWdopKw==

"@jridgewell/sourcemap-codec@^1.4.14", "@jridgewell/sourcemap-codec@^1.4.15", "@jridgewell/sourcemap-codec@^1.5.0":
  version "1.5.5"
  resolved "https://registry.yarnpkg.com/@jridgewell/sourcemap-codec/-/sourcemap-codec-1.5.5.tgz#6912b00d2c631c0d15ce1a7ab57cd657f2a8f8ba"
  integrity sha512-cYQ9310grqxueWbl+WuIUIaiUaDcj7WOq5fVhEljNVgRfOUhY9fy2zTvfoqWsnebh8Sl70VScFbICvJnLKB0Og==

"@jridgewell/trace-mapping@^0.3.24":
  version "0.3.30"
  resolved "https://registry.yarnpkg.com/@jridgewell/trace-mapping/-/trace-mapping-0.3.30.tgz#4a76c4daeee5df09f5d3940e087442fb36ce2b99"
  integrity sha512-GQ7Nw5G2lTu/BtHTKfXhKHok2WGetd4XYcVKGx00SjAk8GMwgJM3zr6zORiPGuOE+/vkc90KtTosSSvaCjKb2Q==
  dependencies:
    "@jridgewell/resolve-uri" "^3.1.0"
    "@jridgewell/sourcemap-codec" "^1.4.14"

"@polka/url@^1.0.0-next.24":
  version "1.0.0-next.29"
  resolved "https://registry.yarnpkg.com/@polka/url/-/url-1.0.0-next.29.tgz#5a40109a1ab5f84d6fd8fc928b19f367cbe7e7b1"
  integrity sha512-wwQAWhWSuHaag8c4q/KN/vCoeOJYshAIvMQwD4GpSb3OiZklFfvAgmj0VCBBImRpuF/aFgIRzllXlVX93Jevww==

"@rollup/rollup-android-arm-eabi@4.46.2":
  version "4.46.2"
  resolved "https://registry.yarnpkg.com/@rollup/rollup-android-arm-eabi/-/rollup-android-arm-eabi-4.46.2.tgz#292e25953d4988d3bd1af0f5ebbd5ee4d65c90b4"
  integrity sha512-Zj3Hl6sN34xJtMv7Anwb5Gu01yujyE/cLBDB2gnHTAHaWS1Z38L7kuSG+oAh0giZMqG060f/YBStXtMH6FvPMA==

"@rollup/rollup-android-arm64@4.46.2":
  version "4.46.2"
  resolved "https://registry.yarnpkg.com/@rollup/rollup-android-arm64/-/rollup-android-arm64-4.46.2.tgz#053b3def3451e6fc1a9078188f22799e868d7c59"
  integrity sha512-nTeCWY83kN64oQ5MGz3CgtPx8NSOhC5lWtsjTs+8JAJNLcP3QbLCtDDgUKQc/Ro/frpMq4SHUaHN6AMltcEoLQ==

"@rollup/rollup-darwin-arm64@4.46.2":
  version "4.46.2"
  resolved "https://registry.yarnpkg.com/@rollup/rollup-darwin-arm64/-/rollup-darwin-arm64-4.46.2.tgz#98d90445282dec54fd05440305a5e8df79a91ece"
  integrity sha512-HV7bW2Fb/F5KPdM/9bApunQh68YVDU8sO8BvcW9OngQVN3HHHkw99wFupuUJfGR9pYLLAjcAOA6iO+evsbBaPQ==

"@rollup/rollup-darwin-x64@4.46.2":
  version "4.46.2"
  resolved "https://registry.yarnpkg.com/@rollup/rollup-darwin-x64/-/rollup-darwin-x64-4.46.2.tgz#fe05f95a736423af5f9c3a59a70f41ece52a1f20"
  integrity sha512-SSj8TlYV5nJixSsm/y3QXfhspSiLYP11zpfwp6G/YDXctf3Xkdnk4woJIF5VQe0of2OjzTt8EsxnJDCdHd2xMA==

"@rollup/rollup-freebsd-arm64@4.46.2":
  version "4.46.2"
  resolved "https://registry.yarnpkg.com/@rollup/rollup-freebsd-arm64/-/rollup-freebsd-arm64-4.46.2.tgz#41e1fbdc1f8c3dc9afb6bc1d6e3fb3104bd81eee"
  integrity sha512-ZyrsG4TIT9xnOlLsSSi9w/X29tCbK1yegE49RYm3tu3wF1L/B6LVMqnEWyDB26d9Ecx9zrmXCiPmIabVuLmNSg==

"@rollup/rollup-freebsd-x64@4.46.2":
  version "4.46.2"
  resolved "https://registry.yarnpkg.com/@rollup/rollup-freebsd-x64/-/rollup-freebsd-x64-4.46.2.tgz#69131e69cb149d547abb65ef3b38fc746c940e24"
  integrity sha512-pCgHFoOECwVCJ5GFq8+gR8SBKnMO+xe5UEqbemxBpCKYQddRQMgomv1104RnLSg7nNvgKy05sLsY51+OVRyiVw==

"@rollup/rollup-linux-arm-gnueabihf@4.46.2":
  version "4.46.2"
  resolved "https://registry.yarnpkg.com/@rollup/rollup-linux-arm-gnueabihf/-/rollup-linux-arm-gnueabihf-4.46.2.tgz#977ded91c7cf6fc0d9443bb9c0a064e45a805267"
  integrity sha512-EtP8aquZ0xQg0ETFcxUbU71MZlHaw9MChwrQzatiE8U/bvi5uv/oChExXC4mWhjiqK7azGJBqU0tt5H123SzVA==

"@rollup/rollup-linux-arm-musleabihf@4.46.2":
  version "4.46.2"
  resolved "https://registry.yarnpkg.com/@rollup/rollup-linux-arm-musleabihf/-/rollup-linux-arm-musleabihf-4.46.2.tgz#dc034fc3c0f0eb5c75b6bc3eca3b0b97fd35f49a"
  integrity sha512-qO7F7U3u1nfxYRPM8HqFtLd+raev2K137dsV08q/LRKRLEc7RsiDWihUnrINdsWQxPR9jqZ8DIIZ1zJJAm5PjQ==

"@rollup/rollup-linux-arm64-gnu@4.46.2":
  version "4.46.2"
  resolved "https://registry.yarnpkg.com/@rollup/rollup-linux-arm64-gnu/-/rollup-linux-arm64-gnu-4.46.2.tgz#5e92613768d3de3ffcabc965627dd0a59b3e7dfc"
  integrity sha512-3dRaqLfcOXYsfvw5xMrxAk9Lb1f395gkoBYzSFcc/scgRFptRXL9DOaDpMiehf9CO8ZDRJW2z45b6fpU5nwjng==

"@rollup/rollup-linux-arm64-musl@4.46.2":
  version "4.46.2"
  resolved "https://registry.yarnpkg.com/@rollup/rollup-linux-arm64-musl/-/rollup-linux-arm64-musl-4.46.2.tgz#2a44f88e83d28b646591df6e50aa0a5a931833d8"
  integrity sha512-fhHFTutA7SM+IrR6lIfiHskxmpmPTJUXpWIsBXpeEwNgZzZZSg/q4i6FU4J8qOGyJ0TR+wXBwx/L7Ho9z0+uDg==

"@rollup/rollup-linux-loongarch64-gnu@4.46.2":
  version "4.46.2"
  resolved "https://registry.yarnpkg.com/@rollup/rollup-linux-loongarch64-gnu/-/rollup-linux-loongarch64-gnu-4.46.2.tgz#bd5897e92db7fbf7dc456f61d90fff96c4651f2e"
  integrity sha512-i7wfGFXu8x4+FRqPymzjD+Hyav8l95UIZ773j7J7zRYc3Xsxy2wIn4x+llpunexXe6laaO72iEjeeGyUFmjKeA==

"@rollup/rollup-linux-ppc64-gnu@4.46.2":
  version "4.46.2"
  resolved "https://registry.yarnpkg.com/@rollup/rollup-linux-ppc64-gnu/-/rollup-linux-ppc64-gnu-4.46.2.tgz#a7065025411c14ad9ec34cc1cd1414900ec2a303"
  integrity sha512-B/l0dFcHVUnqcGZWKcWBSV2PF01YUt0Rvlurci5P+neqY/yMKchGU8ullZvIv5e8Y1C6wOn+U03mrDylP5q9Yw==

"@rollup/rollup-linux-riscv64-gnu@4.46.2":
  version "4.46.2"
  resolved "https://registry.yarnpkg.com/@rollup/rollup-linux-riscv64-gnu/-/rollup-linux-riscv64-gnu-4.46.2.tgz#17f9c0c675e13ef4567cfaa3730752417257ccc3"
  integrity sha512-32k4ENb5ygtkMwPMucAb8MtV8olkPT03oiTxJbgkJa7lJ7dZMr0GCFJlyvy+K8iq7F/iuOr41ZdUHaOiqyR3iQ==

"@rollup/rollup-linux-riscv64-musl@4.46.2":
  version "4.46.2"
  resolved "https://registry.yarnpkg.com/@rollup/rollup-linux-riscv64-musl/-/rollup-linux-riscv64-musl-4.46.2.tgz#bc6ed3db2cedc1ba9c0a2183620fe2f792c3bf3f"
  integrity sha512-t5B2loThlFEauloaQkZg9gxV05BYeITLvLkWOkRXogP4qHXLkWSbSHKM9S6H1schf/0YGP/qNKtiISlxvfmmZw==

"@rollup/rollup-linux-s390x-gnu@4.46.2":
  version "4.46.2"
  resolved "https://registry.yarnpkg.com/@rollup/rollup-linux-s390x-gnu/-/rollup-linux-s390x-gnu-4.46.2.tgz#440c4f6753274e2928e06d2a25613e5a1cf97b41"
  integrity sha512-YKjekwTEKgbB7n17gmODSmJVUIvj8CX7q5442/CK80L8nqOUbMtf8b01QkG3jOqyr1rotrAnW6B/qiHwfcuWQA==

"@rollup/rollup-linux-x64-gnu@4.46.2":
  version "4.46.2"
  resolved "https://registry.yarnpkg.com/@rollup/rollup-linux-x64-gnu/-/rollup-linux-x64-gnu-4.46.2.tgz#1e936446f90b2574ea4a83b4842a762cc0a0aed3"
  integrity sha512-Jj5a9RUoe5ra+MEyERkDKLwTXVu6s3aACP51nkfnK9wJTraCC8IMe3snOfALkrjTYd2G1ViE1hICj0fZ7ALBPA==

"@rollup/rollup-linux-x64-musl@4.46.2":
  version "4.46.2"
  resolved "https://registry.yarnpkg.com/@rollup/rollup-linux-x64-musl/-/rollup-linux-x64-musl-4.46.2.tgz#c6f304dfba1d5faf2be5d8b153ccbd8b5d6f1166"
  integrity sha512-7kX69DIrBeD7yNp4A5b81izs8BqoZkCIaxQaOpumcJ1S/kmqNFjPhDu1LHeVXv0SexfHQv5cqHsxLOjETuqDuA==

"@rollup/rollup-win32-arm64-msvc@4.46.2":
  version "4.46.2"
  resolved "https://registry.yarnpkg.com/@rollup/rollup-win32-arm64-msvc/-/rollup-win32-arm64-msvc-4.46.2.tgz#b4ad4a79219892aac112ed1c9d1356cad0566ef5"
  integrity sha512-wiJWMIpeaak/jsbaq2HMh/rzZxHVW1rU6coyeNNpMwk5isiPjSTx0a4YLSlYDwBH/WBvLz+EtsNqQScZTLJy3g==

"@rollup/rollup-win32-ia32-msvc@4.46.2":
  version "4.46.2"
  resolved "https://registry.yarnpkg.com/@rollup/rollup-win32-ia32-msvc/-/rollup-win32-ia32-msvc-4.46.2.tgz#b1b22eb2a9568048961e4a6f540438b4a762aa62"
  integrity sha512-gBgaUDESVzMgWZhcyjfs9QFK16D8K6QZpwAaVNJxYDLHWayOta4ZMjGm/vsAEy3hvlS2GosVFlBlP9/Wb85DqQ==

"@rollup/rollup-win32-x64-msvc@4.46.2":
  version "4.46.2"
  resolved "https://registry.yarnpkg.com/@rollup/rollup-win32-x64-msvc/-/rollup-win32-x64-msvc-4.46.2.tgz#87079f137b5fdb75da11508419aa998cc8cc3d8b"
  integrity sha512-CvUo2ixeIQGtF6WvuB87XWqPQkoFAFqW+HUo/WzHwuHDvIwZCtjdWXoYCcr06iKGydiqTclC4jU/TNObC/xKZg==

"@standard-schema/spec@^1.0.0":
  version "1.0.0"
  resolved "https://registry.yarnpkg.com/@standard-schema/spec/-/spec-1.0.0.tgz#f193b73dc316c4170f2e82a881da0f550d551b9c"
  integrity sha512-m2bOd0f2RT9k8QJx1JN85cZYyH1RqFBdlwtkSlf4tBDYLCiiZnv1fIIwacK6cqwXavOydf0NPToMQgpKq+dVlA==

"@sveltejs/acorn-typescript@^1.0.5":
  version "1.0.5"
  resolved "https://registry.yarnpkg.com/@sveltejs/acorn-typescript/-/acorn-typescript-1.0.5.tgz#f518101d1b2e12ce80854f1cd850d3b9fb91d710"
  integrity sha512-IwQk4yfwLdibDlrXVE04jTZYlLnwsTT2PIOQQGNLWfjavGifnk1JD1LcZjZaBTRcxZu2FfPfNLOE04DSu9lqtQ==

"@sveltejs/adapter-auto@^3.0.0":
  version "3.3.1"
  resolved "https://registry.yarnpkg.com/@sveltejs/adapter-auto/-/adapter-auto-3.3.1.tgz#57a3d9c402bea468f0899755758551e7e74deaae"
  integrity sha512-5Sc7WAxYdL6q9j/+D0jJKjGREGlfIevDyHSQ2eNETHcB1TKlQWHcAo8AS8H1QdjNvSXpvOwNjykDUHPEAyGgdQ==
  dependencies:
    import-meta-resolve "^4.1.0"

"@sveltejs/kit@^2.0.0":
  version "2.31.1"
  resolved "https://registry.yarnpkg.com/@sveltejs/kit/-/kit-2.31.1.tgz#6e8da5c53cae54c52191ed843630c6bcae0abdd2"
  integrity sha512-Iv98PKh81amOjIWZ6Flqr6E7xYcrrYZ4mY9XwYUvaCDiQ4hYt5+jXR9CivcgLOTK+RcJ3K4guEYF4lFYQfTxaA==
  dependencies:
    "@standard-schema/spec" "^1.0.0"
    "@sveltejs/acorn-typescript" "^1.0.5"
    "@types/cookie" "^0.6.0"
    acorn "^8.14.1"
    cookie "^0.6.0"
    devalue "^5.1.0"
    esm-env "^1.2.2"
    kleur "^4.1.5"
    magic-string "^0.30.5"
    mrmime "^2.0.0"
    sade "^1.8.1"
    set-cookie-parser "^2.6.0"
    sirv "^3.0.0"

"@sveltejs/vite-plugin-svelte-inspector@^3.0.0-next.0||^3.0.0":
  version "3.0.1"
  resolved "https://registry.yarnpkg.com/@sveltejs/vite-plugin-svelte-inspector/-/vite-plugin-svelte-inspector-3.0.1.tgz#006bcab6ea90e09c65459133d4e3eaa6b1e83e28"
  integrity sha512-2CKypmj1sM4GE7HjllT7UKmo4Q6L5xFRd7VMGEWhYnZ+wc6AUVU01IBd7yUi6WnFndEwWoMNOd6e8UjoN0nbvQ==
  dependencies:
    debug "^4.3.7"

"@sveltejs/vite-plugin-svelte@^4.0.0":
  version "4.0.4"
  resolved "https://registry.yarnpkg.com/@sveltejs/vite-plugin-svelte/-/vite-plugin-svelte-4.0.4.tgz#79dfc00377f5456f4c3d95f56817d6486cc0df6c"
  integrity sha512-0ba1RQ/PHen5FGpdSrW7Y3fAMQjrXantECALeOiOdBdzR5+5vPP6HVZRLmZaQL+W8m++o+haIAKq5qT+MiZ7VA==
  dependencies:
    "@sveltejs/vite-plugin-svelte-inspector" "^3.0.0-next.0||^3.0.0"
    debug "^4.3.7"
    deepmerge "^4.3.1"
    kleur "^4.1.5"
    magic-string "^0.30.12"
    vitefu "^1.0.3"

"@types/cookie@^0.6.0":
  version "0.6.0"
  resolved "https://registry.yarnpkg.com/@types/cookie/-/cookie-0.6.0.tgz#eac397f28bf1d6ae0ae081363eca2f425bedf0d5"
  integrity sha512-4Kh9a6B2bQciAhf7FSuMRRkUWecJgJu9nPnx3yzpsfXX/c50REIqpHY4C82bXP90qrLtXtkDxTZosYO3UpOwlA==

"@types/estree@1.0.8", "@types/estree@^1.0.5", "@types/estree@^1.0.6":
  version "1.0.8"
  resolved "https://registry.yarnpkg.com/@types/estree/-/estree-1.0.8.tgz#958b91c991b1867ced318bedea0e215ee050726e"
  integrity sha512-dWHzHa2WqEXI/O1E9OjrocMTKJl2mSrEolh1Iomrv6U+JuNwaHXsXx9bLu5gG7BUWFIN0skIQJQ/L1rIex4X6w==

acorn@^8.12.1, acorn@^8.14.1:
  version "8.15.0"
  resolved "https://registry.yarnpkg.com/acorn/-/acorn-8.15.0.tgz#a360898bc415edaac46c8241f6383975b930b816"
  integrity sha512-NZyJarBfL7nWwIq+FDL6Zp/yHEhePMNnnJ0y3qfieCrmNvYct8uvtiV41UvlSe6apAfk0fY1FbWx+NwfmpvtTg==

aria-query@^5.3.1:
  version "5.3.2"
  resolved "https://registry.yarnpkg.com/aria-query/-/aria-query-5.3.2.tgz#93f81a43480e33a338f19163a3d10a50c01dcd59"
  integrity sha512-COROpnaoap1E2F000S62r6A60uHZnmlvomhfyT2DlTcrY1OrBKn2UhH7qn5wTC9zMvD0AY7csdPSNwKP+7WiQw==

axobject-query@^4.1.0:
  version "4.1.0"
  resolved "https://registry.yarnpkg.com/axobject-query/-/axobject-query-4.1.0.tgz#28768c76d0e3cff21bc62a9e2d0b6ac30042a1ee"
  integrity sha512-qIj0G9wZbMGNLjLmg1PT6v2mE9AH2zlnADJD/2tC6E00hgmhUOfEB6greHPAfLRSufHqROIUTkw6E+M3lH0PTQ==

clsx@^2.1.1:
  version "2.1.1"
  resolved "https://registry.yarnpkg.com/clsx/-/clsx-2.1.1.tgz#eed397c9fd8bd882bfb18deab7102049a2f32999"
  integrity sha512-eYm0QWBtUrBWZWG0d386OGAw16Z995PiOVo2B7bjWSbHedGl5e0ZWaq65kOGgUSNesEIDkB9ISbTg/JK9dhCZA==

cookie@^0.6.0:
  version "0.6.0"
  resolved "https://registry.yarnpkg.com/cookie/-/cookie-0.6.0.tgz#2798b04b071b0ecbff0dbb62a505a8efa4e19051"
  integrity sha512-U71cyTamuh1CRNCfpGY6to28lxvNwPG4Guz/EVjgf3Jmzv0vlDp1atT9eS5dDjMYHucpHbWns6Lwf3BKz6svdw==

debug@^4.3.7:
  version "4.4.1"
  resolved "https://registry.yarnpkg.com/debug/-/debug-4.4.1.tgz#e5a8bc6cbc4c6cd3e64308b0693a3d4fa550189b"
  integrity sha512-KcKCqiftBJcZr++7ykoDIEwSa3XWowTfNPo92BYxjXiyYEVrUQh2aLyhxBCwww+heortUFxEJYcRzosstTEBYQ==
  dependencies:
    ms "^2.1.3"

deepmerge@^4.3.1:
  version "4.3.1"
  resolved "https://registry.yarnpkg.com/deepmerge/-/deepmerge-4.3.1.tgz#44b5f2147cd3b00d4b56137685966f26fd25dd4a"
  integrity sha512-3sUqbMEc77XqpdNO7FRyRog+eW3ph+GYCbj+rK+uYyRMuwsVy0rMiVtPn+QJlKFvWP/1PYpapqYn0Me2knFn+A==

devalue@^5.1.0:
  version "5.1.1"
  resolved "https://registry.yarnpkg.com/devalue/-/devalue-5.1.1.tgz#a71887ac0f354652851752654e4bd435a53891ae"
  integrity sha512-maua5KUiapvEwiEAe+XnlZ3Rh0GD+qI1J/nb9vrJc3muPXvcF/8gXYTWF76+5DAqHyDUtOIImEuo0YKE9mshVw==

esbuild@^0.21.3:
  version "0.21.5"
  resolved "https://registry.yarnpkg.com/esbuild/-/esbuild-0.21.5.tgz#9ca301b120922959b766360d8ac830da0d02997d"
  integrity sha512-mg3OPMV4hXywwpoDxu3Qda5xCKQi+vCTZq8S9J/EpkhB2HzKXq4SNFZE3+NK93JYxc8VMSep+lOUSC/RVKaBqw==
  optionalDependencies:
    "@esbuild/aix-ppc64" "0.21.5"
    "@esbuild/android-arm" "0.21.5"
    "@esbuild/android-arm64" "0.21.5"
    "@esbuild/android-x64" "0.21.5"
    "@esbuild/darwin-arm64" "0.21.5"
    "@esbuild/darwin-x64" "0.21.5"
    "@esbuild/freebsd-arm64" "0.21.5"
    "@esbuild/freebsd-x64" "0.21.5"
    "@esbuild/linux-arm" "0.21.5"
    "@esbuild/linux-arm64" "0.21.5"
    "@esbuild/linux-ia32" "0.21.5"
    "@esbuild/linux-loong64" "0.21.5"
    "@esbuild/linux-mips64el" "0.21.5"
    "@esbuild/linux-ppc64" "0.21.5"
    "@esbuild/linux-riscv64" "0.21.5"
    "@esbuild/linux-s390x" "0.21.5"
    "@esbuild/linux-x64" "0.21.5"
    "@esbuild/netbsd-x64" "0.21.5"
    "@esbuild/openbsd-x64" "0.21.5"
    "@esbuild/sunos-x64" "0.21.5"
    "@esbuild/win32-arm64" "0.21.5"
    "@esbuild/win32-ia32" "0.21.5"
    "@esbuild/win32-x64" "0.21.5"

esm-env@^1.2.1, esm-env@^1.2.2:
  version "1.2.2"
  resolved "https://registry.yarnpkg.com/esm-env/-/esm-env-1.2.2.tgz#263c9455c55861f41618df31b20cb571fc20b75e"
  integrity sha512-Epxrv+Nr/CaL4ZcFGPJIYLWFom+YeV1DqMLHJoEd9SYRxNbaFruBwfEX/kkHUJf55j2+TUbmDcmuilbP1TmXHA==

esrap@^2.1.0:
  version "2.1.0"
  resolved "https://registry.yarnpkg.com/esrap/-/esrap-2.1.0.tgz#70df8f20129df3ad82f20e306dc4000dd5947813"
  integrity sha512-yzmPNpl7TBbMRC5Lj2JlJZNPml0tzqoqP5B1JXycNUwtqma9AKCO0M2wHrdgsHcy1WRW7S9rJknAMtByg3usgA==
  dependencies:
    "@jridgewell/sourcemap-codec" "^1.4.15"

fsevents@~2.3.2, fsevents@~2.3.3:
  version "2.3.3"
  resolved "https://registry.yarnpkg.com/fsevents/-/fsevents-2.3.3.tgz#cac6407785d03675a2a5e1a5305c697b347d90d6"
  integrity sha512-5xoDfX+fL7faATnagmWPpbFtwh/R77WmMMqqHGS65C3vvB0YHrgF+B1YmZ3441tMj5n63k0212XNoJwzlhffQw==

import-meta-resolve@^4.1.0:
  version "4.1.0"
  resolved "https://registry.yarnpkg.com/import-meta-resolve/-/import-meta-resolve-4.1.0.tgz#f9db8bead9fafa61adb811db77a2bf22c5399706"
  integrity sha512-I6fiaX09Xivtk+THaMfAwnA3MVA5Big1WHF1Dfx9hFuvNIWpXnorlkzhcQf6ehrqQiiZECRt1poOAkPmer3ruw==

is-reference@^3.0.3:
  version "3.0.3"
  resolved "https://registry.yarnpkg.com/is-reference/-/is-reference-3.0.3.tgz#9ef7bf9029c70a67b2152da4adf57c23d718910f"
  integrity sha512-ixkJoqQvAP88E6wLydLGGqCJsrFUnqoH6HnaczB8XmDH1oaWU+xxdptvikTgaEhtZ53Ky6YXiBuUI2WXLMCwjw==
  dependencies:
    "@types/estree" "^1.0.6"

kleur@^4.1.5:
  version "4.1.5"
  resolved "https://registry.yarnpkg.com/kleur/-/kleur-4.1.5.tgz#95106101795f7050c6c650f350c683febddb1780"
  integrity sha512-o+NO+8WrRiQEE4/7nwRJhN1HWpVmJm511pBHUxPLtp0BUISzlBplORYSmTclCnJvQq2tKu/sgl3xVpkc7ZWuQQ==

locate-character@^3.0.0:
  version "3.0.0"
  resolved "https://registry.yarnpkg.com/locate-character/-/locate-character-3.0.0.tgz#0305c5b8744f61028ef5d01f444009e00779f974"
  integrity sha512-SW13ws7BjaeJ6p7Q6CO2nchbYEc3X3J6WrmTTDto7yMPqVSZTUyY5Tjbid+Ab8gLnATtygYtiDIJGQRRn2ZOiA==

magic-string@^0.30.11, magic-string@^0.30.12, magic-string@^0.30.5:
  version "0.30.17"
  resolved "https://registry.yarnpkg.com/magic-string/-/magic-string-0.30.17.tgz#450a449673d2460e5bbcfba9a61916a1714c7453"
  integrity sha512-sNPKHvyjVf7gyjwS4xGTaW/mCnF8wnjtifKBEhxfZ7E/S8tQ0rssrwGNn6q8JH/ohItJfSQp9mBtQYuTlH5QnA==
  dependencies:
    "@jridgewell/sourcemap-codec" "^1.5.0"

mri@^1.1.0:
  version "1.2.0"
  resolved "https://registry.yarnpkg.com/mri/-/mri-1.2.0.tgz#6721480fec2a11a4889861115a48b6cbe7cc8f0b"
  integrity sha512-tzzskb3bG8LvYGFF/mDTpq3jpI6Q9wc3LEmBaghu+DdCssd1FakN7Bc0hVNmEyGq1bq3RgfkCb3cmQLpNPOroA==

mrmime@^2.0.0:
  version "2.0.1"
  resolved "https://registry.yarnpkg.com/mrmime/-/mrmime-2.0.1.tgz#bc3e87f7987853a54c9850eeb1f1078cd44adddc"
  integrity sha512-Y3wQdFg2Va6etvQ5I82yUhGdsKrcYox6p7FfL1LbK2J4V01F9TGlepTIhnK24t7koZibmg82KGglhA1XK5IsLQ==

ms@^2.1.3:
  version "2.1.3"
  resolved "https://registry.yarnpkg.com/ms/-/ms-2.1.3.tgz#574c8138ce1d2b5861f0b44579dbadd60c6615b2"
  integrity sha512-6FlzubTLZG3J2a/NVCAleEhjzq5oxgHyaCU9yYXvcLsvoVaHJq/s5xXI6/XXP6tz7R9xAOtHnSO/tXtF3WRTlA==

nanoid@^3.3.11:
  version "3.3.11"
  resolved "https://registry.yarnpkg.com/nanoid/-/nanoid-3.3.11.tgz#4f4f112cefbe303202f2199838128936266d185b"
  integrity sha512-N8SpfPUnUp1bK+PMYW8qSWdl9U+wwNWI4QKxOYDy9JAro3WMX7p2OeVRF9v+347pnakNevPmiHhNmZ2HbFA76w==

oimo@^1.0.9:
  version "1.0.9"
  resolved "https://registry.yarnpkg.com/oimo/-/oimo-1.0.9.tgz#0b592e361c799103fdb04fb3be1264245ef6884b"
  integrity sha512-eh1eRT3HkKWRjG155pXnzS9JANeeUVZ/bfck5lUPAq23G/lIvkRHn57rwC1unfou+X0wXIF0YmjpKcjDIy3o8g==

picocolors@^1.1.1:
  version "1.1.1"
  resolved "https://registry.yarnpkg.com/picocolors/-/picocolors-1.1.1.tgz#3d321af3eab939b083c8f929a1d12cda81c26b6b"
  integrity sha512-xceH2snhtb5M9liqDsmEw56le376mTZkEX/jEb/RxNFyegNul7eNslCXP9FDj/Lcu0X8KEyMceP2ntpaHrDEVA==

postcss@^8.4.43:
  version "8.5.6"
  resolved "https://registry.yarnpkg.com/postcss/-/postcss-8.5.6.tgz#2825006615a619b4f62a9e7426cc120b349a8f3c"
  integrity sha512-3Ybi1tAuwAP9s0r1UQ2J4n5Y0G05bJkpUIO0/bI9MhwmD70S5aTWbXGBwxHrelT+XM1k6dM0pk+SwNkpTRN7Pg==
  dependencies:
    nanoid "^3.3.11"
    picocolors "^1.1.1"
    source-map-js "^1.2.1"

rollup@^4.20.0:
  version "4.46.2"
  resolved "https://registry.yarnpkg.com/rollup/-/rollup-4.46.2.tgz#09b1a45d811e26d09bed63dc3ecfb6831c16ce32"
  integrity sha512-WMmLFI+Boh6xbop+OAGo9cQ3OgX9MIg7xOQjn+pTCwOkk+FNDAeAemXkJ3HzDJrVXleLOFVa1ipuc1AmEx1Dwg==
  dependencies:
    "@types/estree" "1.0.8"
  optionalDependencies:
    "@rollup/rollup-android-arm-eabi" "4.46.2"
    "@rollup/rollup-android-arm64" "4.46.2"
    "@rollup/rollup-darwin-arm64" "4.46.2"
    "@rollup/rollup-darwin-x64" "4.46.2"
    "@rollup/rollup-freebsd-arm64" "4.46.2"
    "@rollup/rollup-freebsd-x64" "4.46.2"
    "@rollup/rollup-linux-arm-gnueabihf" "4.46.2"
    "@rollup/rollup-linux-arm-musleabihf" "4.46.2"
    "@rollup/rollup-linux-arm64-gnu" "4.46.2"
    "@rollup/rollup-linux-arm64-musl" "4.46.2"
    "@rollup/rollup-linux-loongarch64-gnu" "4.46.2"
    "@rollup/rollup-linux-ppc64-gnu" "4.46.2"
    "@rollup/rollup-linux-riscv64-gnu" "4.46.2"
    "@rollup/rollup-linux-riscv64-musl" "4.46.2"
    "@rollup/rollup-linux-s390x-gnu" "4.46.2"
    "@rollup/rollup-linux-x64-gnu" "4.46.2"
    "@rollup/rollup-linux-x64-musl" "4.46.2"
    "@rollup/rollup-win32-arm64-msvc" "4.46.2"
    "@rollup/rollup-win32-ia32-msvc" "4.46.2"
    "@rollup/rollup-win32-x64-msvc" "4.46.2"
    fsevents "~2.3.2"

sade@^1.8.1:
  version "1.8.1"
  resolved "https://registry.yarnpkg.com/sade/-/sade-1.8.1.tgz#0a78e81d658d394887be57d2a409bf703a3b2701"
  integrity sha512-xal3CZX1Xlo/k4ApwCFrHVACi9fBqJ7V+mwhBsuf/1IOKbBy098Fex+Wa/5QMubw09pSZ/u8EY8PWgevJsXp1A==
  dependencies:
    mri "^1.1.0"

set-cookie-parser@^2.6.0:
  version "2.7.1"
  resolved "https://registry.yarnpkg.com/set-cookie-parser/-/set-cookie-parser-2.7.1.tgz#3016f150072202dfbe90fadee053573cc89d2943"
  integrity sha512-IOc8uWeOZgnb3ptbCURJWNjWUPcO3ZnTTdzsurqERrP6nPyv+paC55vJM0LpOlT2ne+Ix+9+CRG1MNLlyZ4GjQ==

sirv@^3.0.0:
  version "3.0.1"
  resolved "https://registry.yarnpkg.com/sirv/-/sirv-3.0.1.tgz#32a844794655b727f9e2867b777e0060fbe07bf3"
  integrity sha512-FoqMu0NCGBLCcAkS1qA+XJIQTR6/JHfQXl+uGteNCQ76T91DMUjPa9xfmeqMY3z80nLSg9yQmNjK0Px6RWsH/A==
  dependencies:
    "@polka/url" "^1.0.0-next.24"
    mrmime "^2.0.0"
    totalist "^3.0.0"

source-map-js@^1.2.1:
  version "1.2.1"
  resolved "https://registry.yarnpkg.com/source-map-js/-/source-map-js-1.2.1.tgz#1ce5650fddd87abc099eda37dcff024c2667ae46"
  integrity sha512-UXWMKhLOwVKb728IUtQPXxfYU+usdybtUrK/8uGE8CQMvrhOpwvzDBwj0QhSL7MQc7vIsISBG8VQ8+IDQxpfQA==

svelte@^5.0.0:
  version "5.38.1"
  resolved "https://registry.yarnpkg.com/svelte/-/svelte-5.38.1.tgz#a430009b208337a8c7cba8c99283d2439bec4a08"
  integrity sha512-fO6CLDfJYWHgfo6lQwkQU2vhCiHc2MBl6s3vEhK+sSZru17YL4R5s1v14ndRpqKAIkq8nCz6MTk1yZbESZWeyQ==
  dependencies:
    "@jridgewell/remapping" "^2.3.4"
    "@jridgewell/sourcemap-codec" "^1.5.0"
    "@sveltejs/acorn-typescript" "^1.0.5"
    "@types/estree" "^1.0.5"
    acorn "^8.12.1"
    aria-query "^5.3.1"
    axobject-query "^4.1.0"
    clsx "^2.1.1"
    esm-env "^1.2.1"
    esrap "^2.1.0"
    is-reference "^3.0.3"
    locate-character "^3.0.0"
    magic-string "^0.30.11"
    zimmerframe "^1.1.2"

totalist@^3.0.0:
  version "3.0.1"
  resolved "https://registry.yarnpkg.com/totalist/-/totalist-3.0.1.tgz#ba3a3d600c915b1a97872348f79c127475f6acf8"
  integrity sha512-sf4i37nQ2LBx4m3wB74y+ubopq6W/dIzXg0FDGjsYnZHVa1Da8FH853wlL2gtUhg+xJXjfk3kUZS3BRoQeoQBQ==

vite@^5.0.0:
  version "5.4.19"
  resolved "https://registry.yarnpkg.com/vite/-/vite-5.4.19.tgz#20efd060410044b3ed555049418a5e7d1998f959"
  integrity sha512-qO3aKv3HoQC8QKiNSTuUM1l9o/XX3+c+VTgLHbJWHZGeTPVAg2XwazI9UWzoxjIJCGCV2zU60uqMzjeLZuULqA==
  dependencies:
    esbuild "^0.21.3"
    postcss "^8.4.43"
    rollup "^4.20.0"
  optionalDependencies:
    fsevents "~2.3.3"

vitefu@^1.0.3:
  version "1.1.1"
  resolved "https://registry.yarnpkg.com/vitefu/-/vitefu-1.1.1.tgz#c39b7e4c91bf2f6c590fb96e0758f394dff5795b"
  integrity sha512-B/Fegf3i8zh0yFbpzZ21amWzHmuNlLlmJT6n7bu5e+pCHUKQIfXSYokrqOBGEMMe9UG2sostKQF9mml/vYaWJQ==

zimmerframe@^1.1.2:
  version "1.1.2"
  resolved "https://registry.yarnpkg.com/zimmerframe/-/zimmerframe-1.1.2.tgz#5b75f1fa83b07ae2a428d51e50f58e2ae6855e5e"
  integrity sha512-rAbqEGa8ovJy4pyBxZM70hg4pE6gDgaQ0Sl9M3enG3I0d6H4XSAM3GeNGLKnsBpuijUow064sf7ww1nutC5/3w==
